
Microsoft Visual Studio Solution File, Format Version 12.00
# Visual Studio Version 16
VisualStudioVersion = 16.0.30621.155
MinimumVisualStudioVersion = 10.0.40219.1
Project("{FAE04EC0-301F-11D3-BF4B-00C04F79EFBC}") = "Group17_ProjectAssignment", "Group17_ProjectAssignment\Group17_ProjectAssignment.csproj", "{855CEDDD-0787-4044-9FA0-8C49F0F42EF2}"
EndProject
Global
	GlobalSection(SolutionConfigurationPlatforms) = preSolution
		Debug|Any CPU = Debug|Any CPU
		Release|Any CPU = Release|Any CPU
	EndGlobalSection
	GlobalSection(ProjectConfigurationPlatforms) = postSolution
		{855CEDDD-0787-4044-9FA0-8C49F0F42EF2}.Debug|Any CPU.ActiveCfg = Debug|Any CPU
		{855CEDDD-0787-4044-9FA0-8C49F0F42EF2}.Debug|Any CPU.Build.0 = Debug|Any CPU
		{855CEDDD-0787-4044-9FA0-8C49F0F42EF2}.Release|Any CPU.ActiveCfg = Release|Any CPU
		{855CEDDD-0787-4044-9FA0-8C49F0F42EF2}.Release|Any CPU.Build.0 = Release|Any CPU
	EndGlobalSection
	GlobalSection(SolutionProperties) = preSolution
		HideSolutionNode = FALSE
	EndGlobalSection
	GlobalSection(ExtensibilityGlobals) = postSolution
		SolutionGuid = {B498BF24-497E-4048-9E2E-C2B2B7816466}
	EndGlobalSection
EndGlobal
